sdk: ^2.0.0-alpha.145
prefixes:
  http: pkg-http
  mqtt: mqtt
packages:
  mqtt:
    url: github.com/toitware/mqtt
    name: mqtt
    version: 2.7.0
    hash: ae42b7f4949ec65512e845e7bef7e90a33a914d9
  pkg-http:
    url: github.com/toitlang/pkg-http
    name: http
    version: 2.7.2
    hash: 614dd0f374e70aab09f12e9466a35b779b9a8d63
